
Microsoft Visual Studio Solution File, Format Version 12.00
# Visual Studio Version 17
VisualStudioVersion = 17.3.32929.385
MinimumVisualStudioVersion = 10.0.40219.1
Project("{FAE04EC0-301F-11D3-BF4B-00C04F79EFBC}") = "GestionCEGEP", "GestionCEGEP\GestionCEGEP.csproj", "{02F20F91-3C13-4C23-A5DF-22B674A9390E}"
EndProject
Global
	GlobalSection(SolutionConfigurationPlatforms) = preSolution
		Debug|Any CPU = Debug|Any CPU
		Release|Any CPU = Release|Any CPU
	EndGlobalSection
	GlobalSection(ProjectConfigurationPlatforms) = postSolution
		{02F20F91-3C13-4C23-A5DF-22B674A9390E}.Debug|Any CPU.ActiveCfg = Debug|Any CPU
		{02F20F91-3C13-4C23-A5DF-22B674A9390E}.Debug|Any CPU.Build.0 = Debug|Any CPU
		{02F20F91-3C13-4C23-A5DF-22B674A9390E}.Release|Any CPU.ActiveCfg = Release|Any CPU
		{02F20F91-3C13-4C23-A5DF-22B674A9390E}.Release|Any CPU.Build.0 = Release|Any CPU
	EndGlobalSection
	GlobalSection(SolutionProperties) = preSolution
		HideSolutionNode = FALSE
	EndGlobalSection
	GlobalSection(ExtensibilityGlobals) = postSolution
		SolutionGuid = {151BAF52-59E2-4BA6-92B6-5B9636828A2D}
	EndGlobalSection
EndGlobal
